// !$*UTF8*$!
{
	archiveVersion = 1;
	classes = {
	};
	objectVersion = 46;
	objects = {

/* Begin PBXBuildFile section */
		9902CF211D75E0C700D2E6EC /* SettingsViewController.m in Sources */ = {isa = PBXBuildFile; fileRef = 9902CF201D75E0C700D2E6EC /* SettingsViewController.m */; };
		996990EC1CF6F8230001C7B1 /* main.m in Sources */ = {isa = PBXBuildFile; fileRef = 996990EB1CF6F8230001C7B1 /* main.m */; };
		996990EF1CF6F8230001C7B1 /* AppDelegate.m in Sources */ = {isa = PBXBuildFile; fileRef = 996990EE1CF6F8230001C7B1 /* AppDelegate.m */; };
		996990F21CF6F8230001C7B1 /* InstreamAdViewController.m in Sources */ = {isa = PBXBuildFile; fileRef = 996990F11CF6F8230001C7B1 /* InstreamAdViewController.m */; };
		996990F81CF6F8230001C7B1 /* Main.storyboard in Resources */ = {isa = PBXBuildFile; fileRef = 996990F61CF6F8230001C7B1 /* Main.storyboard */; };
		996990FA1CF6F8230001C7B1 /* Assets.xcassets in Resources */ = {isa = PBXBuildFile; fileRef = 996990F91CF6F8230001C7B1 /* Assets.xcassets */; };
		996990FD1CF6F8230001C7B1 /* LaunchScreen.storyboard in Resources */ = {isa = PBXBuildFile; fileRef = 996990FB1CF6F8230001C7B1 /* LaunchScreen.storyboard */; };
		996991211CF6FE8A0001C7B1 /* FBAudienceNetwork.framework in Frameworks */ = {isa = PBXBuildFile; fileRef = 996991201CF6FE8A0001C7B1 /* FBAudienceNetwork.framework */; };
/* End PBXBuildFile section */

/* Begin PBXFileReference section */
		9902CF1F1D75E0C700D2E6EC /* SettingsViewController.h */ = {isa = PBXFileReference; fileEncoding = 4; lastKnownFileType = sourcecode.c.h; path = SettingsViewController.h; sourceTree = "<group>"; };
		9902CF201D75E0C700D2E6EC /* SettingsViewController.m */ = {isa = PBXFileReference; fileEncoding = 4; lastKnownFileType = sourcecode.c.objc; path = SettingsViewController.m; sourceTree = "<group>"; };
		996990E71CF6F8230001C7B1 /* InstreamAdSample.app */ = {isa = PBXFileReference; explicitFileType = wrapper.application; includeInIndex = 0; path = InstreamAdSample.app; sourceTree = BUILT_PRODUCTS_DIR; };
		996990EB1CF6F8230001C7B1 /* main.m */ = {isa = PBXFileReference; lastKnownFileType = sourcecode.c.objc; path = main.m; sourceTree = "<group>"; };
		996990ED1CF6F8230001C7B1 /* AppDelegate.h */ = {isa = PBXFileReference; lastKnownFileType = sourcecode.c.h; path = AppDelegate.h; sourceTree = "<group>"; };
		996990EE1CF6F8230001C7B1 /* AppDelegate.m */ = {isa = PBXFileReference; lastKnownFileType = sourcecode.c.objc; path = AppDelegate.m; sourceTree = "<group>"; };
		996990F01CF6F8230001C7B1 /* InstreamAdViewController.h */ = {isa = PBXFileReference; lastKnownFileType = sourcecode.c.h; path = InstreamAdViewController.h; sourceTree = "<group>"; };
		996990F11CF6F8230001C7B1 /* InstreamAdViewController.m */ = {isa = PBXFileReference; lastKnownFileType = sourcecode.c.objc; path = InstreamAdViewController.m; sourceTree = "<group>"; };
		996990F71CF6F8230001C7B1 /* Base */ = {isa = PBXFileReference; lastKnownFileType = file.storyboard; name = Base; path = Base.lproj/Main.storyboard; sourceTree = "<group>"; };
		996990F91CF6F8230001C7B1 /* Assets.xcassets */ = {isa = PBXFileReference; lastKnownFileType = folder.assetcatalog; path = Assets.xcassets; sourceTree = "<group>"; };
		996990FC1CF6F8230001C7B1 /* Base */ = {isa = PBXFileReference; lastKnownFileType = file.storyboard; name = Base; path = Base.lproj/LaunchScreen.storyboard; sourceTree = "<group>"; };
		996990FE1CF6F8230001C7B1 /* Info.plist */ = {isa = PBXFileReference; lastKnownFileType = text.plist.xml; path = Info.plist; sourceTree = "<group>"; };
		996991201CF6FE8A0001C7B1 /* FBAudienceNetwork.framework */ = {isa = PBXFileReference; lastKnownFileType = wrapper.framework; name = FBAudienceNetwork.framework; path = "../../../../../Library/Developer/Xcode/DerivedData/FBAudienceNetwork-ahfcolngoougdtbuduwkahqgmswg/Build/Products/Debug-iphonesimulator/FBAudienceNetwork.framework"; sourceTree = "<group>"; };
		996991221CF6FEAE0001C7B1 /* StoreKit.framework */ = {isa = PBXFileReference; lastKnownFileType = wrapper.framework; name = StoreKit.framework; path = System/Library/Frameworks/StoreKit.framework; sourceTree = SDKROOT; };
		996991241CF6FEB50001C7B1 /* CoreMotion.framework */ = {isa = PBXFileReference; lastKnownFileType = wrapper.framework; name = CoreMotion.framework; path = System/Library/Frameworks/CoreMotion.framework; sourceTree = SDKROOT; };
		996991261CF6FEBB0001C7B1 /* AdSupport.framework */ = {isa = PBXFileReference; lastKnownFileType = wrapper.framework; name = AdSupport.framework; path = System/Library/Frameworks/AdSupport.framework; sourceTree = SDKROOT; };
		996991281CF6FECC0001C7B1 /* CoreGraphics.framework */ = {isa = PBXFileReference; lastKnownFileType = wrapper.framework; name = CoreGraphics.framework; path = System/Library/Frameworks/CoreGraphics.framework; sourceTree = SDKROOT; };
		9969912A1CF6FED20001C7B1 /* UIKit.framework */ = {isa = PBXFileReference; lastKnownFileType = wrapper.framework; name = UIKit.framework; path = System/Library/Frameworks/UIKit.framework; sourceTree = SDKROOT; };
		9969912C1CF6FED70001C7B1 /* Foundation.framework */ = {isa = PBXFileReference; lastKnownFileType = wrapper.framework; name = Foundation.framework; path = System/Library/Frameworks/Foundation.framework; sourceTree = SDKROOT; };
		9969912E1CF6FEE40001C7B1 /* AVFoundation.framework */ = {isa = PBXFileReference; lastKnownFileType = wrapper.framework; name = AVFoundation.framework; path = System/Library/Frameworks/AVFoundation.framework; sourceTree = SDKROOT; };
		996991301CF6FEE90001C7B1 /* CoreMedia.framework */ = {isa = PBXFileReference; lastKnownFileType = wrapper.framework; name = CoreMedia.framework; path = System/Library/Frameworks/CoreMedia.framework; sourceTree = SDKROOT; };
/* End PBXFileReference section */

/* Begin PBXFrameworksBuildPhase section */
		996990E41CF6F8230001C7B1 /* Frameworks */ = {
			isa = PBXFrameworksBuildPhase;
			buildActionMask = 2147483647;
			files = (
				996991211CF6FE8A0001C7B1 /* FBAudienceNetwork.framework in Frameworks */,
			);
			runOnlyForDeploymentPostprocessing = 0;
		};
/* End PBXFrameworksBuildPhase section */

/* Begin PBXGroup section */
		996990DE1CF6F8230001C7B1 = {
			isa = PBXGroup;
			children = (
				996990E91CF6F8230001C7B1 /* InstreamAdSample */,
				996990E81CF6F8230001C7B1 /* Products */,
			);
			sourceTree = "<group>";
		};
		996990E81CF6F8230001C7B1 /* Products */ = {
			isa = PBXGroup;
			children = (
				996990E71CF6F8230001C7B1 /* InstreamAdSample.app */,
			);
			name = Products;
			sourceTree = "<group>";
		};
		996990E91CF6F8230001C7B1 /* InstreamAdSample */ = {
			isa = PBXGroup;
			children = (
				996990ED1CF6F8230001C7B1 /* AppDelegate.h */,
				996990EE1CF6F8230001C7B1 /* AppDelegate.m */,
				996990F01CF6F8230001C7B1 /* InstreamAdViewController.h */,
				996990F11CF6F8230001C7B1 /* InstreamAdViewController.m */,
				9902CF1F1D75E0C700D2E6EC /* SettingsViewController.h */,
				9902CF201D75E0C700D2E6EC /* SettingsViewController.m */,
				996990F61CF6F8230001C7B1 /* Main.storyboard */,
				996990F91CF6F8230001C7B1 /* Assets.xcassets */,
				996990FB1CF6F8230001C7B1 /* LaunchScreen.storyboard */,
				996990FE1CF6F8230001C7B1 /* Info.plist */,
				996991321CF6FEFB0001C7B1 /* Frameworks */,
				996990EA1CF6F8230001C7B1 /* Supporting Files */,
			);
			path = InstreamAdSample;
			sourceTree = "<group>";
		};
		996990EA1CF6F8230001C7B1 /* Supporting Files */ = {
			isa = PBXGroup;
			children = (
				996990EB1CF6F8230001C7B1 /* main.m */,
			);
			name = "Supporting Files";
			sourceTree = "<group>";
		};
		996991321CF6FEFB0001C7B1 /* Frameworks */ = {
			isa = PBXGroup;
			children = (
				996991301CF6FEE90001C7B1 /* CoreMedia.framework */,
				9969912E1CF6FEE40001C7B1 /* AVFoundation.framework */,
				9969912C1CF6FED70001C7B1 /* Foundation.framework */,
				9969912A1CF6FED20001C7B1 /* UIKit.framework */,
				996991281CF6FECC0001C7B1 /* CoreGraphics.framework */,
				996991261CF6FEBB0001C7B1 /* AdSupport.framework */,
				996991241CF6FEB50001C7B1 /* CoreMotion.framework */,
				996991221CF6FEAE0001C7B1 /* StoreKit.framework */,
				996991201CF6FE8A0001C7B1 /* FBAudienceNetwork.framework */,
			);
			name = Frameworks;
			path = ..;
			sourceTree = "<group>";
		};
/* End PBXGroup section */

/* Begin PBXNativeTarget section */
		996990E61CF6F8230001C7B1 /* InstreamAdSample */ = {
			isa = PBXNativeTarget;
			buildConfigurationList = 996991011CF6F8230001C7B1 /* Build configuration list for PBXNativeTarget "InstreamAdSample" */;
			buildPhases = (
				996990E31CF6F8230001C7B1 /* Sources */,
				996990E41CF6F8230001C7B1 /* Frameworks */,
				996990E51CF6F8230001C7B1 /* Resources */,
			);
			buildRules = (
			);
			dependencies = (
			);
			name = InstreamAdSample;
			productName = InstreamAdSample;
			productReference = 996990E71CF6F8230001C7B1 /* InstreamAdSample.app */;
			productType = "com.apple.product-type.application";
		};
/* End PBXNativeTarget section */

/* Begin PBXProject section */
		996990DF1CF6F8230001C7B1 /* Project object */ = {
			isa = PBXProject;
			attributes = {
				LastUpgradeCheck = 0800;
				ORGANIZATIONNAME = Facebook;
				TargetAttributes = {
					996990E61CF6F8230001C7B1 = {
						CreatedOnToolsVersion = 7.3.1;
						ProvisioningStyle = Automatic;
					};
				};
			};
			buildConfigurationList = 996990E21CF6F8230001C7B1 /* Build configuration list for PBXProject "InstreamAdSample" */;
			compatibilityVersion = "Xcode 3.2";
			developmentRegion = English;
			hasScannedForEncodings = 0;
			knownRegions = (
				en,
				Base,
			);
			mainGroup = 996990DE1CF6F8230001C7B1;
			productRefGroup = 996990E81CF6F8230001C7B1 /* Products */;
			projectDirPath = "";
			projectRoot = "";
			targets = (
				996990E61CF6F8230001C7B1 /* InstreamAdSample */,
			);
		};
/* End PBXProject section */

/* Begin PBXResourcesBuildPhase section */
		996990E51CF6F8230001C7B1 /* Resources */ = {
			isa = PBXResourcesBuildPhase;
			buildActionMask = 2147483647;
			files = (
				996990FD1CF6F8230001C7B1 /* LaunchScreen.storyboard in Resources */,
				996990FA1CF6F8230001C7B1 /* Assets.xcassets in Resources */,
				996990F81CF6F8230001C7B1 /* Main.storyboard in Resources */,
			);
			runOnlyForDeploymentPostprocessing = 0;
		};
/* End PBXResourcesBuildPhase section */

/* Begin PBXSourcesBuildPhase section */
		996990E31CF6F8230001C7B1 /* Sources */ = {
			isa = PBXSourcesBuildPhase;
			buildActionMask = 2147483647;
			files = (
				996990EF1CF6F8230001C7B1 /* AppDelegate.m in Sources */,
				996990F21CF6F8230001C7B1 /* InstreamAdViewController.m in Sources */,
				996990EC1CF6F8230001C7B1 /* main.m in Sources */,
				9902CF211D75E0C700D2E6EC /* SettingsViewController.m in Sources */,
			);
			runOnlyForDeploymentPostprocessing = 0;
		};
/* End PBXSourcesBuildPhase section */

/* Begin PBXVariantGroup section */
		996990F61CF6F8230001C7B1 /* Main.storyboard */ = {
			isa = PBXVariantGroup;
			children = (
				996990F71CF6F8230001C7B1 /* Base */,
			);
			name = Main.storyboard;
			sourceTree = "<group>";
		};
		996990FB1CF6F8230001C7B1 /* LaunchScreen.storyboard */ = {
			isa = PBXVariantGroup;
			children = (
				996990FC1CF6F8230001C7B1 /* Base */,
			);
			name = LaunchScreen.storyboard;
			sourceTree = "<group>";
		};
/* End PBXVariantGroup section */

/* Begin XCBuildConfiguration section */
		996990FF1CF6F8230001C7B1 /* Debug */ = {
			isa = XCBuildConfiguration;
			buildSettings = {
				ALWAYS_SEARCH_USER_PATHS = NO;
				CLANG_ANALYZER_NONNULL = YES;
				CLANG_CXX_LANGUAGE_STANDARD = "gnu++0x";
				CLANG_CXX_LIBRARY = "libc++";
				CLANG_ENABLE_MODULES = YES;
				CLANG_ENABLE_OBJC_ARC = YES;
				CLANG_WARN_BOOL_CONVERSION = YES;
				CLANG_WARN_CONSTANT_CONVERSION = YES;
				CLANG_WARN_DIRECT_OBJC_ISA_USAGE = YES_ERROR;
				CLANG_WARN_EMPTY_BODY = YES;
				CLANG_WARN_ENUM_CONVERSION = YES;
				CLANG_WARN_INFINITE_RECURSION = YES;
				CLANG_WARN_INT_CONVERSION = YES;
				CLANG_WARN_OBJC_ROOT_CLASS = YES_ERROR;
				CLANG_WARN_SUSPICIOUS_MOVE = YES;
				CLANG_WARN_UNREACHABLE_CODE = YES;
				CLANG_WARN__DUPLICATE_METHOD_MATCH = YES;
				"CODE_SIGN_IDENTITY[sdk=iphoneos*]" = "";
				COPY_PHASE_STRIP = NO;
				DEBUG_INFORMATION_FORMAT = dwarf;
				ENABLE_STRICT_OBJC_MSGSEND = YES;
				ENABLE_TESTABILITY = YES;
				GCC_C_LANGUAGE_STANDARD = gnu99;
				GCC_DYNAMIC_NO_PIC = NO;
				GCC_NO_COMMON_BLOCKS = YES;
				GCC_OPTIMIZATION_LEVEL = 0;
				GCC_PREPROCESSOR_DEFINITIONS = (
					"DEBUG=1",
					"$(inherited)",
				);
				GCC_WARN_64_TO_32_BIT_CONVERSION = YES;
				GCC_WARN_ABOUT_RETURN_TYPE = YES_ERROR;
				GCC_WARN_UNDECLARED_SELECTOR = YES;
				GCC_WARN_UNINITIALIZED_AUTOS = YES_AGGRESSIVE;
				GCC_WARN_UNUSED_FUNCTION = YES;
				GCC_WARN_UNUSED_VARIABLE = YES;
				IPHONEOS_DEPLOYMENT_TARGET = 8.0;
				MTL_ENABLE_DEBUG_INFO = YES;
				ONLY_ACTIVE_ARCH = YES;
				SDKROOT = iphoneos;
				TARGETED_DEVICE_FAMILY = "1,2";
			};
			name = Debug;
		};
		996991001CF6F8230001C7B1 /* Release */ = {
			isa = XCBuildConfiguration;
			buildSettings = {
				ALWAYS_SEARCH_USER_PATHS = NO;
				CLANG_ANALYZER_NONNULL = YES;
				CLANG_CXX_LANGUAGE_STANDARD = "gnu++0x";
				CLANG_CXX_LIBRARY = "libc++";
				CLANG_ENABLE_MODULES = YES;
				CLANG_ENABLE_OBJC_ARC = YES;
				CLANG_WARN_BOOL_CONVERSION = YES;
				CLANG_WARN_CONSTANT_CONVERSION = YES;
				CLANG_WARN_DIRECT_OBJC_ISA_USAGE = YES_ERROR;
				CLANG_WARN_EMPTY_BODY = YES;
				CLANG_WARN_ENUM_CONVERSION = YES;
				CLANG_WARN_INFINITE_RECURSION = YES;
				CLANG_WARN_INT_CONVERSION = YES;
				CLANG_WARN_OBJC_ROOT_CLASS = YES_ERROR;
				CLANG_WARN_SUSPICIOUS_MOVE = YES;
				CLANG_WARN_UNREACHABLE_CODE = YES;
				CLANG_WARN__DUPLICATE_METHOD_MATCH = YES;
				"CODE_SIGN_IDENTITY[sdk=iphoneos*]" = "";
				COPY_PHASE_STRIP = NO;
				DEBUG_INFORMATION_FORMAT = "dwarf-with-dsym";
				ENABLE_NS_ASSERTIONS = NO;
				ENABLE_STRICT_OBJC_MSGSEND = YES;
				GCC_C_LANGUAGE_STANDARD = gnu99;
				GCC_NO_COMMON_BLOCKS = YES;
				GCC_WARN_64_TO_32_BIT_CONVERSION = YES;
				GCC_WARN_ABOUT_RETURN_TYPE = YES_ERROR;
				GCC_WARN_UNDECLARED_SELECTOR = YES;
				GCC_WARN_UNINITIALIZED_AUTOS = YES_AGGRESSIVE;
				GCC_WARN_UNUSED_FUNCTION = YES;
				GCC_WARN_UNUSED_VARIABLE = YES;
				IPHONEOS_DEPLOYMENT_TARGET = 8.0;
				MTL_ENABLE_DEBUG_INFO = NO;
				SDKROOT = iphoneos;
				TARGETED_DEVICE_FAMILY = "1,2";
				VALIDATE_PRODUCT = YES;
			};
			name = Release;
		};
		996991021CF6F8230001C7B1 /* Debug */ = {
			isa = XCBuildConfiguration;
			buildSettings = {
				ASSETCATALOG_COMPILER_APPICON_NAME = AppIcon;
				"CODE_SIGN_IDENTITY[sdk=iphoneos*]" = "iPhone Developer";
				DEVELOPMENT_TEAM = "";
				FRAMEWORK_SEARCH_PATHS = (
					"$(inherited)",
					"\"$(SRCROOT)/../../../\"",
				);
				INFOPLIST_FILE = InstreamAdSample/Info.plist;
				IPHONEOS_DEPLOYMENT_TARGET = 8.0;
				LD_RUNPATH_SEARCH_PATHS = "$(inherited) @executable_path/Frameworks";
				PRODUCT_BUNDLE_IDENTIFIER = com.facebook.audiencenetwork.InstreamAdSample;
				PRODUCT_NAME = "$(TARGET_NAME)";
			};
			name = Debug;
		};
		996991031CF6F8230001C7B1 /* Release */ = {
			isa = XCBuildConfiguration;
			buildSettings = {
				ASSETCATALOG_COMPILER_APPICON_NAME = AppIcon;
				"CODE_SIGN_IDENTITY[sdk=iphoneos*]" = "iPhone Developer";
				DEVELOPMENT_TEAM = "";
				FRAMEWORK_SEARCH_PATHS = (
					"$(inherited)",
					"\"$(SRCROOT)/../../../\"",
				);
				INFOPLIST_FILE = InstreamAdSample/Info.plist;
				IPHONEOS_DEPLOYMENT_TARGET = 8.0;
				LD_RUNPATH_SEARCH_PATHS = "$(inherited) @executable_path/Frameworks";
				PRODUCT_BUNDLE_IDENTIFIER = com.facebook.audiencenetwork.InstreamAdSample;
				PRODUCT_NAME = "$(TARGET_NAME)";
			};
			name = Release;
		};
/* End XCBuildConfiguration section */

/* Begin XCConfigurationList section */
		996990E21CF6F8230001C7B1 /* Build configuration list for PBXProject "InstreamAdSample" */ = {
			isa = XCConfigurationList;
			buildConfigurations = (
				996990FF1CF6F8230001C7B1 /* Debug */,
				996991001CF6F8230001C7B1 /* Release */,
			);
			defaultConfigurationIsVisible = 0;
			defaultConfigurationName = Release;
		};
		996991011CF6F8230001C7B1 /* Build configuration list for PBXNativeTarget "InstreamAdSample" */ = {
			isa = XCConfigurationList;
			buildConfigurations = (
				996991021CF6F8230001C7B1 /* Debug */,
				996991031CF6F8230001C7B1 /* Release */,
			);
			defaultConfigurationIsVisible = 0;
			defaultConfigurationName = Release;
		};
/* End XCConfigurationList section */
	};
	rootObject = 996990DF1CF6F8230001C7B1 /* Project object */;
}
